
Microsoft Visual Studio Solution File, Format Version 12.00
# Visual Studio Version 17
VisualStudioVersion = 17.4.33213.308
MinimumVisualStudioVersion = 10.0.40219.1
Project("{FAE04EC0-301F-11D3-BF4B-00C04F79EFBC}") = "ConceptosPOO", "ConceptosPOO.csproj", "{4F250A13-65DF-4365-85B7-E532EFE853A5}"
EndProject
Global
	GlobalSection(SolutionConfigurationPlatforms) = preSolution
		Debug|Any CPU = Debug|Any CPU
		Release|Any CPU = Release|Any CPU
	EndGlobalSection
	GlobalSection(ProjectConfigurationPlatforms) = postSolution
		{4F250A13-65DF-4365-85B7-E532EFE853A5}.Debug|Any CPU.ActiveCfg = Debug|Any CPU
		{4F250A13-65DF-4365-85B7-E532EFE853A5}.Debug|Any CPU.Build.0 = Debug|Any CPU
		{4F250A13-65DF-4365-85B7-E532EFE853A5}.Release|Any CPU.ActiveCfg = Release|Any CPU
		{4F250A13-65DF-4365-85B7-E532EFE853A5}.Release|Any CPU.Build.0 = Release|Any CPU
	EndGlobalSection
	GlobalSection(SolutionProperties) = preSolution
		HideSolutionNode = FALSE
	EndGlobalSection
	GlobalSection(ExtensibilityGlobals) = postSolution
		SolutionGuid = {D66E125A-F25E-4EE0-B028-A98B4341C311}
	EndGlobalSection
EndGlobal
